# This file is automatically @generated by Cargo.
# It is not intended for manual editing.
version = 3

[[package]]
name = "cc"
version = "1.0.83"
source = "registry+https://github.com/rust-lang/crates.io-index"
checksum = "f1174fb0b6ec23863f8b971027804a42614e347eafb0a95bf0b12cdae21fc4d0"
dependencies = [
 "libc",
]

[[package]]
name = "libc"
version = "0.2.151"
source = "registry+https://github.com/rust-lang/crates.io-index"
checksum = "302d7ab3130588088d277783b1e2d2e10c9e9e4a16dd9050e6ec93fb3e7048f4"

[[package]]
name = "once_cell"
version = "1.19.0"
source = "registry+https://github.com/rust-lang/crates.io-index"
checksum = "3fdb12b2476b595f9358c5161aa467c2438859caa136dec86c26fdd2efe17b92"

[[package]]
name = "proc-macro2"
version = "1.0.76"
source = "registry+https://github.com/rust-lang/crates.io-index"
checksum = "95fc56cda0b5c3325f5fbbd7ff9fda9e02bb00bb3dac51252d2f1bfa1cb8cc8c"
dependencies = [
 "unicode-ident",
]

[[package]]
name = "quote"
version = "1.0.35"
source = "registry+https://github.com/rust-lang/crates.io-index"
checksum = "291ec9ab5efd934aaf503a6466c5d5251535d108ee747472c3977cc5acc868ef"
dependencies = [
 "proc-macro2",
]

[[package]]
name = "savvy"
version = "0.2.6"
source = "git+https://github.com/yutannihilation/savvy?branch=webr#8d4ed14bf022592b8a9a8f1ebd0578e7b1e53d78"
dependencies = [
 "cc",
 "once_cell",
 "savvy-ffi 0.2.6 (git+https://github.com/yutannihilation/savvy?branch=webr)",
 "savvy-macro",
]

[[package]]
name = "savvy-bindgen"
version = "0.2.6"
source = "git+https://github.com/yutannihilation/savvy?branch=webr#8d4ed14bf022592b8a9a8f1ebd0578e7b1e53d78"
dependencies = [
 "proc-macro2",
 "quote",
 "syn",
]

[[package]]
name = "savvy-ffi"
version = "0.2.6"
source = "git+https://github.com/yutannihilation/savvy?branch=webr#8d4ed14bf022592b8a9a8f1ebd0578e7b1e53d78"

[[package]]
name = "savvy-ffi"
version = "0.2.6"
source = "git+https://github.com/yutannihilation/savvy#34e77b08b4674f1bde4bc0cdc2d4162c12da7f41"

[[package]]
name = "savvy-macro"
version = "0.2.6"
source = "git+https://github.com/yutannihilation/savvy?branch=webr#8d4ed14bf022592b8a9a8f1ebd0578e7b1e53d78"
dependencies = [
 "proc-macro2",
 "quote",
 "savvy-bindgen",
 "syn",
]

[[package]]
name = "simple-savvy"
version = "0.1.0"
dependencies = [
 "savvy",
 "savvy-ffi 0.2.6 (git+https://github.com/yutannihilation/savvy)",
]

[[package]]
name = "syn"
version = "2.0.48"
source = "registry+https://github.com/rust-lang/crates.io-index"
checksum = "0f3531638e407dfc0814761abb7c00a5b54992b849452a0646b7f65c9f770f3f"
dependencies = [
 "proc-macro2",
 "quote",
 "unicode-ident",
]

[[package]]
name = "unicode-ident"
version = "1.0.12"
source = "registry+https://github.com/rust-lang/crates.io-index"
checksum = "3354b9ac3fae1ff6755cb6db53683adb661634f67557942dea4facebec0fee4b"
